[[package]]
name = "atomicwrites"
version = "1.4.0"
description = "Atomic file writes."
category = "dev"
optional = false
python-versions = ">=2.7, !=3.0.*, !=3.1.*, !=3.2.*, !=3.3.*"

[package.source]
type = "legacy"
url = "http://localhost:8800/simple"
reference = "local"

[[package]]
name = "attrs"
version = "21.2.0"
description = "Classes Without Boilerplate"
category = "dev"
optional = false
python-versions = ">=2.7, !=3.0.*, !=3.1.*, !=3.2.*, !=3.3.*, !=3.4.*"

[package.extras]
dev = ["coverage[toml] (>=5.0.2)", "hypothesis", "pympler", "pytest (>=4.3.0)", "six", "mypy", "pytest-mypy-plugins", "zope.interface", "furo", "sphinx", "sphinx-notfound-page", "pre-commit"]
docs = ["furo", "sphinx", "zope.interface", "sphinx-notfound-page"]
tests = ["coverage[toml] (>=5.0.2)", "hypothesis", "pympler", "pytest (>=4.3.0)", "six", "mypy", "pytest-mypy-plugins", "zope.interface"]
tests_no_zope = ["coverage[toml] (>=5.0.2)", "hypothesis", "pympler", "pytest (>=4.3.0)", "six", "mypy", "pytest-mypy-plugins"]

[package.source]
type = "legacy"
url = "http://localhost:8800/simple"
reference = "local"

[[package]]
name = "colorama"
version = "0.4.4"
description = "Cross-platform colored terminal text."
category = "dev"
optional = false
python-versions = ">=2.7, !=3.0.*, !=3.1.*, !=3.2.*, !=3.3.*, !=3.4.*"

[package.source]
type = "legacy"
url = "http://localhost:8800/simple"
reference = "local"

[[package]]
name = "lark"
version = "1.0.0"
description = "a modern parsing library"
category = "main"
optional = false
python-versions = "*"

[package.extras]
atomic_cache = ["atomicwrites"]
nearley = ["js2py"]
regex = ["regex"]

[package.source]
type = "legacy"
url = "http://localhost:8800/simple"
reference = "local"

[[package]]
name = "more-itertools"
version = "8.12.0"
description = "More routines for operating on iterables, beyond itertools"
category = "dev"
optional = false
python-versions = ">=3.5"

[package.source]
type = "legacy"
url = "http://localhost:8800/simple"
reference = "local"

[[package]]
name = "packaging"
version = "21.3"
description = "Core utilities for Python packages"
category = "dev"
optional = false
python-versions = ">=3.6"

[package.dependencies]
pyparsing = ">=2.0.2,<3.0.5 || >3.0.5"

[package.source]
type = "legacy"
url = "http://localhost:8800/simple"
reference = "local"

[[package]]
name = "pluggy"
version = "0.13.1"
description = "plugin and hook calling mechanisms for python"
category = "dev"
optional = false
python-versions = ">=2.7, !=3.0.*, !=3.1.*, !=3.2.*, !=3.3.*"

[package.extras]
dev = ["pre-commit", "tox"]

[package.source]
type = "legacy"
url = "http://localhost:8800/simple"
reference = "local"

[[package]]
name = "py"
version = "1.11.0"
description = "library with cross-python path, ini-parsing, io, code, log facilities"
category = "dev"
optional = false
python-versions = ">=2.7, !=3.0.*, !=3.1.*, !=3.2.*, !=3.3.*, !=3.4.*"

[package.source]
type = "legacy"
url = "http://localhost:8800/simple"
reference = "local"

[[package]]
name = "pyparsing"
version = "3.0.6"
description = "Python parsing module"
category = "dev"
optional = false
python-versions = ">=3.6"

[package.extras]
diagrams = ["jinja2", "railroad-diagrams"]

[package.source]
type = "legacy"
url = "http://localhost:8800/simple"
reference = "local"

[[package]]
name = "pytest"
version = "5.4.3"
description = "pytest: simple powerful testing with Python"
category = "dev"
optional = false
python-versions = ">=3.5"

[package.dependencies]
atomicwrites = {version = ">=1.0", markers = "sys_platform == \"win32\""}
attrs = ">=17.4.0"
colorama = {version = "*", markers = "sys_platform == \"win32\""}
more-itertools = ">=4.0.0"
packaging = "*"
pluggy = ">=0.12,<1.0"
py = ">=1.5.0"
wcwidth = "*"

[package.extras]
checkqa-mypy = ["mypy (==v0.761)"]
testing = ["argcomplete", "hypothesis (>=3.56)", "mock", "nose", "requests", "xmlschema"]

[package.source]
type = "legacy"
url = "http://localhost:8800/simple"
reference = "local"

[[package]]
name = "wcwidth"
version = "0.2.5"
description = "Measures the displayed width of unicode strings in a terminal"
category = "dev"
optional = false
python-versions = "*"

[package.source]
type = "legacy"
url = "http://localhost:8800/simple"
reference = "local"

[metadata]
lock-version = "1.1"
python-versions = "^3.9"
content-hash = "cae3cd359bcb27944879a02b9fab647106b40f594e0193ce3945b0731bad861f"

[metadata.files]
atomicwrites = [
    {file = "atomicwrites-1.4.0-py2.py3-none-any.whl", hash = "md5:acc030856f5d16b2aac6dcc74d1b36a4"},
]
attrs = [
    {file = "attrs-21.2.0-py2.py3-none-any.whl", hash = "md5:50e772bf1a75df648734eb0498383df6"},
]
colorama = [
    {file = "colorama-0.4.4-py2.py3-none-any.whl", hash = "md5:1dcd07acf2b1875ed09428e1ddf7e028"},
]
lark = [
    {file = "lark-1.0.0-py2.py3-none-any.whl", hash = "md5:481fa6b0c979feffda959b2e51709e7e"},
]
more-itertools = [
    {file = "more_itertools-8.12.0-py3-none-any.whl", hash = "md5:24ad863d3d4d6724d292c344e0e5ab76"},
]
packaging = [
    {file = "packaging-21.3-py3-none-any.whl", hash = "md5:670a7057642064a747bd8274b24eb3f9"},
]
pluggy = [
    {file = "pluggy-0.13.1-py2.py3-none-any.whl", hash = "md5:32a771dc4df48273d4967e5aab043653"},
]
py = [
    {file = "py-1.11.0-py2.py3-none-any.whl", hash = "md5:52d444d43edb21938fad6010a2134cc3"},
]
pyparsing = [
    {file = "pyparsing-3.0.6-py3-none-any.whl", hash = "md5:1184c1028b8211c060442ed847110e8b"},
]
pytest = [
    {file = "pytest-5.4.3-py3-none-any.whl", hash = "md5:3e3d11ab0c0d3ffd87bd4aedd02afaef"},
]
wcwidth = [
    {file = "wcwidth-0.2.5-py2.py3-none-any.whl", hash = "md5:8b664207c7e30fc97917d2ac444e2232"},
]
